
Microsoft Visual Studio Solution File, Format Version 12.00
# Visual Studio Version 17
VisualStudioVersion = 17.4.33213.308
MinimumVisualStudioVersion = 10.0.40219.1
Project("{FAE04EC0-301F-11D3-BF4B-00C04F79EFBC}") = "print-preview-z-order", "print-preview-z-order\print-preview-z-order.csproj", "{4AD94A43-6388-4709-A6D7-BFC0F99425EE}"
EndProject
Global
	GlobalSection(SolutionConfigurationPlatforms) = preSolution
		Debug|Any CPU = Debug|Any CPU
		Release|Any CPU = Release|Any CPU
	EndGlobalSection
	GlobalSection(ProjectConfigurationPlatforms) = postSolution
		{4AD94A43-6388-4709-A6D7-BFC0F99425EE}.Debug|Any CPU.ActiveCfg = Debug|Any CPU
		{4AD94A43-6388-4709-A6D7-BFC0F99425EE}.Debug|Any CPU.Build.0 = Debug|Any CPU
		{4AD94A43-6388-4709-A6D7-BFC0F99425EE}.Release|Any CPU.ActiveCfg = Release|Any CPU
		{4AD94A43-6388-4709-A6D7-BFC0F99425EE}.Release|Any CPU.Build.0 = Release|Any CPU
	EndGlobalSection
	GlobalSection(SolutionProperties) = preSolution
		HideSolutionNode = FALSE
	EndGlobalSection
	GlobalSection(ExtensibilityGlobals) = postSolution
		SolutionGuid = {2F8C7A21-13FE-48FA-94B2-761F6612B3B3}
	EndGlobalSection
EndGlobal
